
Microsoft Visual Studio Solution File, Format Version 12.00
# Visual Studio 14
VisualStudioVersion = 14.0.24720.0
MinimumVisualStudioVersion = 10.0.40219.1
Project("{FAE04EC0-301F-11D3-BF4B-00C04F79EFBC}") = "MemoryGame", "MemoryGame\MemoryGame.csproj", "{D41ABC9A-E34F-4137-81A1-A0B7BDAB3106}"
EndProject
Project("{E24C65DC-7377-472B-9ABA-BC803B73C61A}") = "MemoryGame.Web", "MemoryGame.Web\", "{E4E2212E-A72F-4404-8191-3A455444A278}"
	ProjectSection(WebsiteProperties) = preProject
		TargetFrameworkMoniker = ".NETFramework,Version%3Dv4.5.2"
		Debug.AspNetCompiler.VirtualPath = "/localhost_56593"
		Debug.AspNetCompiler.PhysicalPath = "MemoryGame.Web\"
		Debug.AspNetCompiler.TargetPath = "PrecompiledWeb\localhost_56593\"
		Debug.AspNetCompiler.Updateable = "true"
		Debug.AspNetCompiler.ForceOverwrite = "true"
		Debug.AspNetCompiler.FixedNames = "false"
		Debug.AspNetCompiler.Debug = "True"
		Release.AspNetCompiler.VirtualPath = "/localhost_56593"
		Release.AspNetCompiler.PhysicalPath = "MemoryGame.Web\"
		Release.AspNetCompiler.TargetPath = "PrecompiledWeb\localhost_56593\"
		Release.AspNetCompiler.Updateable = "true"
		Release.AspNetCompiler.ForceOverwrite = "true"
		Release.AspNetCompiler.FixedNames = "false"
		Release.AspNetCompiler.Debug = "False"
		VWDPort = "56593"
		SlnRelativePath = "MemoryGame.Web\"
		DefaultWebSiteLanguage = "Visual C#"
	EndProjectSection
EndProject
Global
	GlobalSection(SolutionConfigurationPlatforms) = preSolution
		Debug|Any CPU = Debug|Any CPU
		Release|Any CPU = Release|Any CPU
	EndGlobalSection
	GlobalSection(ProjectConfigurationPlatforms) = postSolution
		{D41ABC9A-E34F-4137-81A1-A0B7BDAB3106}.Debug|Any CPU.ActiveCfg = Debug|Any CPU
		{D41ABC9A-E34F-4137-81A1-A0B7BDAB3106}.Debug|Any CPU.Build.0 = Debug|Any CPU
		{D41ABC9A-E34F-4137-81A1-A0B7BDAB3106}.Release|Any CPU.ActiveCfg = Release|Any CPU
		{D41ABC9A-E34F-4137-81A1-A0B7BDAB3106}.Release|Any CPU.Build.0 = Release|Any CPU
		{E4E2212E-A72F-4404-8191-3A455444A278}.Debug|Any CPU.ActiveCfg = Debug|Any CPU
		{E4E2212E-A72F-4404-8191-3A455444A278}.Debug|Any CPU.Build.0 = Debug|Any CPU
		{E4E2212E-A72F-4404-8191-3A455444A278}.Release|Any CPU.ActiveCfg = Debug|Any CPU
		{E4E2212E-A72F-4404-8191-3A455444A278}.Release|Any CPU.Build.0 = Debug|Any CPU
	EndGlobalSection
	GlobalSection(SolutionProperties) = preSolution
		HideSolutionNode = FALSE
	EndGlobalSection
EndGlobal
